// !$*UTF8*$!
{
	archiveVersion = 1;
	classes = {
	};
	objectVersion = 46;
	objects = {

/* Begin PBXBuildFile section */
		6AEB0DE71D9799AF00187436 /* AppDelegate.swift in Sources */ = {isa = PBXBuildFile; fileRef = 6AEB0DE61D9799AF00187436 /* AppDelegate.swift */; };
		6AEB0DE91D9799AF00187436 /* ViewController.swift in Sources */ = {isa = PBXBuildFile; fileRef = 6AEB0DE81D9799AF00187436 /* ViewController.swift */; };
		6AEB0DEC1D9799AF00187436 /* Main.storyboard in Resources */ = {isa = PBXBuildFile; fileRef = 6AEB0DEA1D9799AF00187436 /* Main.storyboard */; };
		6AEB0DEE1D9799AF00187436 /* Assets.xcassets in Resources */ = {isa = PBXBuildFile; fileRef = 6AEB0DED1D9799AF00187436 /* Assets.xcassets */; };
		6AEB0DF11D9799AF00187436 /* LaunchScreen.storyboard in Resources */ = {isa = PBXBuildFile; fileRef = 6AEB0DEF1D9799AF00187436 /* LaunchScreen.storyboard */; };
/* End PBXBuildFile section */

/* Begin PBXFileReference section */
		6AEB0DE31D9799AF00187436 /* gratuity.app */ = {isa = PBXFileReference; explicitFileType = wrapper.application; includeInIndex = 0; path = gratuity.app; sourceTree = BUILT_PRODUCTS_DIR; };
		6AEB0DE61D9799AF00187436 /* AppDelegate.swift */ = {isa = PBXFileReference; lastKnownFileType = sourcecode.swift; path = AppDelegate.swift; sourceTree = "<group>"; };
		6AEB0DE81D9799AF00187436 /* ViewController.swift */ = {isa = PBXFileReference; lastKnownFileType = sourcecode.swift; path = ViewController.swift; sourceTree = "<group>"; };
		6AEB0DEB1D9799AF00187436 /* Base */ = {isa = PBXFileReference; lastKnownFileType = file.storyboard; name = Base; path = Base.lproj/Main.storyboard; sourceTree = "<group>"; };
		6AEB0DED1D9799AF00187436 /* Assets.xcassets */ = {isa = PBXFileReference; lastKnownFileType = folder.assetcatalog; path = Assets.xcassets; sourceTree = "<group>"; };
		6AEB0DF01D9799AF00187436 /* Base */ = {isa = PBXFileReference; lastKnownFileType = file.storyboard; name = Base; path = Base.lproj/LaunchScreen.storyboard; sourceTree = "<group>"; };
		6AEB0DF21D9799AF00187436 /* Info.plist */ = {isa = PBXFileReference; lastKnownFileType = text.plist.xml; path = Info.plist; sourceTree = "<group>"; };
/* End PBXFileReference section */

/* Begin PBXFrameworksBuildPhase section */
		6AEB0DE01D9799AF00187436 /* Frameworks */ = {
			isa = PBXFrameworksBuildPhase;
			buildActionMask = 2147483647;
			files = (
			);
			runOnlyForDeploymentPostprocessing = 0;
		};
/* End PBXFrameworksBuildPhase section */

/* Begin PBXGroup section */
		6AEB0DDA1D9799AF00187436 = {
			isa = PBXGroup;
			children = (
				6AEB0DE51D9799AF00187436 /* gratuity */,
				6AEB0DE41D9799AF00187436 /* Products */,
			);
			sourceTree = "<group>";
		};
		6AEB0DE41D9799AF00187436 /* Products */ = {
			isa = PBXGroup;
			children = (
				6AEB0DE31D9799AF00187436 /* gratuity.app */,
			);
			name = Products;
			sourceTree = "<group>";
		};
		6AEB0DE51D9799AF00187436 /* gratuity */ = {
			isa = PBXGroup;
			children = (
				6AEB0DE61D9799AF00187436 /* AppDelegate.swift */,
				6AEB0DE81D9799AF00187436 /* ViewController.swift */,
				6AEB0DEA1D9799AF00187436 /* Main.storyboard */,
				6AEB0DED1D9799AF00187436 /* Assets.xcassets */,
				6AEB0DEF1D9799AF00187436 /* LaunchScreen.storyboard */,
				6AEB0DF21D9799AF00187436 /* Info.plist */,
			);
			path = gratuity;
			sourceTree = "<group>";
		};
/* End PBXGroup section */

/* Begin PBXNativeTarget section */
		6AEB0DE21D9799AF00187436 /* gratuity */ = {
			isa = PBXNativeTarget;
			buildConfigurationList = 6AEB0DF51D9799AF00187436 /* Build configuration list for PBXNativeTarget "gratuity" */;
			buildPhases = (
				6AEB0DDF1D9799AF00187436 /* Sources */,
				6AEB0DE01D9799AF00187436 /* Frameworks */,
				6AEB0DE11D9799AF00187436 /* Resources */,
			);
			buildRules = (
			);
			dependencies = (
			);
			name = gratuity;
			productName = gratuity;
			productReference = 6AEB0DE31D9799AF00187436 /* gratuity.app */;
			productType = "com.apple.product-type.application";
		};
/* End PBXNativeTarget section */

/* Begin PBXProject section */
		6AEB0DDB1D9799AF00187436 /* Project object */ = {
			isa = PBXProject;
			attributes = {
				LastSwiftUpdateCheck = 0800;
				LastUpgradeCheck = 0800;
				ORGANIZATIONNAME = "Emerson Malca";
				TargetAttributes = {
					6AEB0DE21D9799AF00187436 = {
						CreatedOnToolsVersion = 8.0;
						DevelopmentTeam = 63XSXDMV4X;
						ProvisioningStyle = Automatic;
					};
				};
			};
			buildConfigurationList = 6AEB0DDE1D9799AF00187436 /* Build configuration list for PBXProject "gratuity" */;
			compatibilityVersion = "Xcode 3.2";
			developmentRegion = English;
			hasScannedForEncodings = 0;
			knownRegions = (
				en,
				Base,
			);
			mainGroup = 6AEB0DDA1D9799AF00187436;
			productRefGroup = 6AEB0DE41D9799AF00187436 /* Products */;
			projectDirPath = "";
			projectRoot = "";
			targets = (
				6AEB0DE21D9799AF00187436 /* gratuity */,
			);
		};
/* End PBXProject section */

/* Begin PBXResourcesBuildPhase section */
		6AEB0DE11D9799AF00187436 /* Resources */ = {
			isa = PBXResourcesBuildPhase;
			buildActionMask = 2147483647;
			files = (
				6AEB0DF11D9799AF00187436 /* LaunchScreen.storyboard in Resources */,
				6AEB0DEE1D9799AF00187436 /* Assets.xcassets in Resources */,
				6AEB0DEC1D9799AF00187436 /* Main.storyboard in Resources */,
			);
			runOnlyForDeploymentPostprocessing = 0;
		};
/* End PBXResourcesBuildPhase section */

/* Begin PBXSourcesBuildPhase section */
		6AEB0DDF1D9799AF00187436 /* Sources */ = {
			isa = PBXSourcesBuildPhase;
			buildActionMask = 2147483647;
			files = (
				6AEB0DE91D9799AF00187436 /* ViewController.swift in Sources */,
				6AEB0DE71D9799AF00187436 /* AppDelegate.swift in Sources */,
			);
			runOnlyForDeploymentPostprocessing = 0;
		};
/* End PBXSourcesBuildPhase section */

/* Begin PBXVariantGroup section */
		6AEB0DEA1D9799AF00187436 /* Main.storyboard */ = {
			isa = PBXVariantGroup;
			children = (
				6AEB0DEB1D9799AF00187436 /* Base */,
			);
			name = Main.storyboard;
			sourceTree = "<group>";
		};
		6AEB0DEF1D9799AF00187436 /* LaunchScreen.storyboard */ = {
			isa = PBXVariantGroup;
			children = (
				6AEB0DF01D9799AF00187436 /* Base */,
			);
			name = LaunchScreen.storyboard;
			sourceTree = "<group>";
		};
/* End PBXVariantGroup section */

/* Begin XCBuildConfiguration section */
		6AEB0DF31D9799AF00187436 /* Debug */ = {
			isa = XCBuildConfiguration;
			buildSettings = {
				ALWAYS_SEARCH_USER_PATHS = NO;
				CLANG_ANALYZER_NONNULL = YES;
				CLANG_CXX_LANGUAGE_STANDARD = "gnu++0x";
				CLANG_CXX_LIBRARY = "libc++";
				CLANG_ENABLE_MODULES = YES;
				CLANG_ENABLE_OBJC_ARC = YES;
				CLANG_WARN_BOOL_CONVERSION = YES;
				CLANG_WARN_CONSTANT_CONVERSION = YES;
				CLANG_WARN_DIRECT_OBJC_ISA_USAGE = YES_ERROR;
				CLANG_WARN_DOCUMENTATION_COMMENTS = YES;
				CLANG_WARN_EMPTY_BODY = YES;
				CLANG_WARN_ENUM_CONVERSION = YES;
				CLANG_WARN_INFINITE_RECURSION = YES;
				CLANG_WARN_INT_CONVERSION = YES;
				CLANG_WARN_OBJC_ROOT_CLASS = YES_ERROR;
				CLANG_WARN_SUSPICIOUS_MOVES = YES;
				CLANG_WARN_UNREACHABLE_CODE = YES;
				CLANG_WARN__DUPLICATE_METHOD_MATCH = YES;
				"CODE_SIGN_IDENTITY[sdk=iphoneos*]" = "iPhone Developer";
				COPY_PHASE_STRIP = NO;
				DEBUG_INFORMATION_FORMAT = dwarf;
				ENABLE_STRICT_OBJC_MSGSEND = YES;
				ENABLE_TESTABILITY = YES;
				GCC_C_LANGUAGE_STANDARD = gnu99;
				GCC_DYNAMIC_NO_PIC = NO;
				GCC_NO_COMMON_BLOCKS = YES;
				GCC_OPTIMIZATION_LEVEL = 0;
				GCC_PREPROCESSOR_DEFINITIONS = (
					"DEBUG=1",
					"$(inherited)",
				);
				GCC_WARN_64_TO_32_BIT_CONVERSION = YES;
				GCC_WARN_ABOUT_RETURN_TYPE = YES_ERROR;
				GCC_WARN_UNDECLARED_SELECTOR = YES;
				GCC_WARN_UNINITIALIZED_AUTOS = YES_AGGRESSIVE;
				GCC_WARN_UNUSED_FUNCTION = YES;
				GCC_WARN_UNUSED_VARIABLE = YES;
				IPHONEOS_DEPLOYMENT_TARGET = 10.0;
				MTL_ENABLE_DEBUG_INFO = YES;
				ONLY_ACTIVE_ARCH = YES;
				SDKROOT = iphoneos;
				SWIFT_ACTIVE_COMPILATION_CONDITIONS = DEBUG;
				SWIFT_OPTIMIZATION_LEVEL = "-Onone";
			};
			name = Debug;
		};
		6AEB0DF41D9799AF00187436 /* Release */ = {
			isa = XCBuildConfiguration;
			buildSettings = {
				ALWAYS_SEARCH_USER_PATHS = NO;
				CLANG_ANALYZER_NONNULL = YES;
				CLANG_CXX_LANGUAGE_STANDARD = "gnu++0x";
				CLANG_CXX_LIBRARY = "libc++";
				CLANG_ENABLE_MODULES = YES;
				CLANG_ENABLE_OBJC_ARC = YES;
				CLANG_WARN_BOOL_CONVERSION = YES;
				CLANG_WARN_CONSTANT_CONVERSION = YES;
				CLANG_WARN_DIRECT_OBJC_ISA_USAGE = YES_ERROR;
				CLANG_WARN_DOCUMENTATION_COMMENTS = YES;
				CLANG_WARN_EMPTY_BODY = YES;
				CLANG_WARN_ENUM_CONVERSION = YES;
				CLANG_WARN_INFINITE_RECURSION = YES;
				CLANG_WARN_INT_CONVERSION = YES;
				CLANG_WARN_OBJC_ROOT_CLASS = YES_ERROR;
				CLANG_WARN_SUSPICIOUS_MOVES = YES;
				CLANG_WARN_UNREACHABLE_CODE = YES;
				CLANG_WARN__DUPLICATE_METHOD_MATCH = YES;
				"CODE_SIGN_IDENTITY[sdk=iphoneos*]" = "iPhone Developer";
				COPY_PHASE_STRIP = NO;
				DEBUG_INFORMATION_FORMAT = "dwarf-with-dsym";
				ENABLE_NS_ASSERTIONS = NO;
				ENABLE_STRICT_OBJC_MSGSEND = YES;
				GCC_C_LANGUAGE_STANDARD = gnu99;
				GCC_NO_COMMON_BLOCKS = YES;
				GCC_WARN_64_TO_32_BIT_CONVERSION = YES;
				GCC_WARN_ABOUT_RETURN_TYPE = YES_ERROR;
				GCC_WARN_UNDECLARED_SELECTOR = YES;
				GCC_WARN_UNINITIALIZED_AUTOS = YES_AGGRESSIVE;
				GCC_WARN_UNUSED_FUNCTION = YES;
				GCC_WARN_UNUSED_VARIABLE = YES;
				IPHONEOS_DEPLOYMENT_TARGET = 10.0;
				MTL_ENABLE_DEBUG_INFO = NO;
				SDKROOT = iphoneos;
				SWIFT_OPTIMIZATION_LEVEL = "-Owholemodule";
				VALIDATE_PRODUCT = YES;
			};
			name = Release;
		};
		6AEB0DF61D9799AF00187436 /* Debug */ = {
			isa = XCBuildConfiguration;
			buildSettings = {
				ASSETCATALOG_COMPILER_APPICON_NAME = AppIcon;
				DEVELOPMENT_TEAM = 63XSXDMV4X;
				INFOPLIST_FILE = gratuity/Info.plist;
				LD_RUNPATH_SEARCH_PATHS = "$(inherited) @executable_path/Frameworks";
				PRODUCT_BUNDLE_IDENTIFIER = com.emerson.gratuity;
				PRODUCT_NAME = "$(TARGET_NAME)";
				SWIFT_VERSION = 3.0;
			};
			name = Debug;
		};
		6AEB0DF71D9799AF00187436 /* Release */ = {
			isa = XCBuildConfiguration;
			buildSettings = {
				ASSETCATALOG_COMPILER_APPICON_NAME = AppIcon;
				DEVELOPMENT_TEAM = 63XSXDMV4X;
				INFOPLIST_FILE = gratuity/Info.plist;
				LD_RUNPATH_SEARCH_PATHS = "$(inherited) @executable_path/Frameworks";
				PRODUCT_BUNDLE_IDENTIFIER = com.emerson.gratuity;
				PRODUCT_NAME = "$(TARGET_NAME)";
				SWIFT_VERSION = 3.0;
			};
			name = Release;
		};
/* End XCBuildConfiguration section */

/* Begin XCConfigurationList section */
		6AEB0DDE1D9799AF00187436 /* Build configuration list for PBXProject "gratuity" */ = {
			isa = XCConfigurationList;
			buildConfigurations = (
				6AEB0DF31D9799AF00187436 /* Debug */,
				6AEB0DF41D9799AF00187436 /* Release */,
			);
			defaultConfigurationIsVisible = 0;
			defaultConfigurationName = Release;
		};
		6AEB0DF51D9799AF00187436 /* Build configuration list for PBXNativeTarget "gratuity" */ = {
			isa = XCConfigurationList;
			buildConfigurations = (
				6AEB0DF61D9799AF00187436 /* Debug */,
				6AEB0DF71D9799AF00187436 /* Release */,
			);
			defaultConfigurationIsVisible = 0;
		};
/* End XCConfigurationList section */
	};
	rootObject = 6AEB0DDB1D9799AF00187436 /* Project object */;
}
